
Microsoft Visual Studio Solution File, Format Version 12.00
# Visual Studio Version 17
VisualStudioVersion = 17.3.32929.385
MinimumVisualStudioVersion = 10.0.40219.1
Project("{FAE04EC0-301F-11D3-BF4B-00C04F79EFBC}") = "Trabalho Do Gabriel", "Trabalho Do Gabriel\Trabalho Do Gabriel.csproj", "{DC6D70C5-A6CB-43E7-BB53-789564CDFC5B}"
EndProject
Global
	GlobalSection(SolutionConfigurationPlatforms) = preSolution
		Debug|Any CPU = Debug|Any CPU
		Release|Any CPU = Release|Any CPU
	EndGlobalSection
	GlobalSection(ProjectConfigurationPlatforms) = postSolution
		{DC6D70C5-A6CB-43E7-BB53-789564CDFC5B}.Debug|Any CPU.ActiveCfg = Debug|Any CPU
		{DC6D70C5-A6CB-43E7-BB53-789564CDFC5B}.Debug|Any CPU.Build.0 = Debug|Any CPU
		{DC6D70C5-A6CB-43E7-BB53-789564CDFC5B}.Release|Any CPU.ActiveCfg = Release|Any CPU
		{DC6D70C5-A6CB-43E7-BB53-789564CDFC5B}.Release|Any CPU.Build.0 = Release|Any CPU
	EndGlobalSection
	GlobalSection(SolutionProperties) = preSolution
		HideSolutionNode = FALSE
	EndGlobalSection
	GlobalSection(ExtensibilityGlobals) = postSolution
		SolutionGuid = {FCB2B274-8BEF-4362-90F3-A06381AF737F}
	EndGlobalSection
EndGlobal
